// !$*UTF8*$!
{
	archiveVersion = 1;
	classes = {
	};
	objectVersion = 55;
	objects = {

/* Begin PBXBuildFile section */
		0D21204FBF93AA4730FD5823 /* Pods_ChargerApp.framework in Frameworks */ = {isa = PBXBuildFile; fileRef = A8E3F3DED02121208EDB6A75 /* Pods_ChargerApp.framework */; };
		F74DF8C52882C90E005BF704 /* Constants.swift in Sources */ = {isa = PBXBuildFile; fileRef = F74DF8C42882C90E005BF704 /* Constants.swift */; };
		F7D0F4D92871CB7E007A3D36 /* AppDelegate.swift in Sources */ = {isa = PBXBuildFile; fileRef = F7D0F4D82871CB7E007A3D36 /* AppDelegate.swift */; };
		F7D0F4DB2871CB7E007A3D36 /* SceneDelegate.swift in Sources */ = {isa = PBXBuildFile; fileRef = F7D0F4DA2871CB7E007A3D36 /* SceneDelegate.swift */; };
		F7D0F4E02871CB7E007A3D36 /* Main.storyboard in Resources */ = {isa = PBXBuildFile; fileRef = F7D0F4DE2871CB7E007A3D36 /* Main.storyboard */; };
		F7D0F4E22871CB7F007A3D36 /* Assets.xcassets in Resources */ = {isa = PBXBuildFile; fileRef = F7D0F4E12871CB7F007A3D36 /* Assets.xcassets */; };
		F7D0F4E52871CB7F007A3D36 /* LaunchScreen.storyboard in Resources */ = {isa = PBXBuildFile; fileRef = F7D0F4E32871CB7F007A3D36 /* LaunchScreen.storyboard */; };
		F7D106612878482800BC580C /* Localizable.strings in Resources */ = {isa = PBXBuildFile; fileRef = F7D106632878482800BC580C /* Localizable.strings */; };
		F7D106682878992B00BC580C /* LoginViewController.swift in Sources */ = {isa = PBXBuildFile; fileRef = F7D0F4DC2871CB7E007A3D36 /* LoginViewController.swift */; };
		F7D1066A2879A86900BC580C /* LoginAPI.swift in Sources */ = {isa = PBXBuildFile; fileRef = F7D106692879A86900BC580C /* LoginAPI.swift */; };
/* End PBXBuildFile section */

/* Begin PBXFileReference section */
		1A433632C00CF2A3C17D1BAC /* Pods-ChargerApp.debug.xcconfig */ = {isa = PBXFileReference; includeInIndex = 1; lastKnownFileType = text.xcconfig; name = "Pods-ChargerApp.debug.xcconfig"; path = "Target Support Files/Pods-ChargerApp/Pods-ChargerApp.debug.xcconfig"; sourceTree = "<group>"; };
		A8E3F3DED02121208EDB6A75 /* Pods_ChargerApp.framework */ = {isa = PBXFileReference; explicitFileType = wrapper.framework; includeInIndex = 0; path = Pods_ChargerApp.framework; sourceTree = BUILT_PRODUCTS_DIR; };
		D6DF313A298CA7EB39096B8A /* Pods-ChargerApp.release.xcconfig */ = {isa = PBXFileReference; includeInIndex = 1; lastKnownFileType = text.xcconfig; name = "Pods-ChargerApp.release.xcconfig"; path = "Target Support Files/Pods-ChargerApp/Pods-ChargerApp.release.xcconfig"; sourceTree = "<group>"; };
		F7114D5228783E5F00012299 /* tr */ = {isa = PBXFileReference; lastKnownFileType = text.plist.strings; name = tr; path = tr.lproj/Main.strings; sourceTree = "<group>"; };
		F7114D5328783E5F00012299 /* tr */ = {isa = PBXFileReference; lastKnownFileType = text.plist.strings; name = tr; path = tr.lproj/LaunchScreen.strings; sourceTree = "<group>"; };
		F74DF8C42882C90E005BF704 /* Constants.swift */ = {isa = PBXFileReference; lastKnownFileType = sourcecode.swift; path = Constants.swift; sourceTree = "<group>"; };
		F7D0F4D52871CB7E007A3D36 /* ChargerApp.app */ = {isa = PBXFileReference; explicitFileType = wrapper.application; includeInIndex = 0; path = ChargerApp.app; sourceTree = BUILT_PRODUCTS_DIR; };
		F7D0F4D82871CB7E007A3D36 /* AppDelegate.swift */ = {isa = PBXFileReference; lastKnownFileType = sourcecode.swift; path = AppDelegate.swift; sourceTree = "<group>"; };
		F7D0F4DA2871CB7E007A3D36 /* SceneDelegate.swift */ = {isa = PBXFileReference; lastKnownFileType = sourcecode.swift; path = SceneDelegate.swift; sourceTree = "<group>"; };
		F7D0F4DC2871CB7E007A3D36 /* LoginViewController.swift */ = {isa = PBXFileReference; lastKnownFileType = sourcecode.swift; path = LoginViewController.swift; sourceTree = "<group>"; };
		F7D0F4DF2871CB7E007A3D36 /* Base */ = {isa = PBXFileReference; lastKnownFileType = file.storyboard; name = Base; path = Base.lproj/Main.storyboard; sourceTree = "<group>"; };
		F7D0F4E12871CB7F007A3D36 /* Assets.xcassets */ = {isa = PBXFileReference; lastKnownFileType = folder.assetcatalog; path = Assets.xcassets; sourceTree = "<group>"; };
		F7D0F4E42871CB7F007A3D36 /* Base */ = {isa = PBXFileReference; lastKnownFileType = file.storyboard; name = Base; path = Base.lproj/LaunchScreen.storyboard; sourceTree = "<group>"; };
		F7D1065A287843F300BC580C /* en */ = {isa = PBXFileReference; lastKnownFileType = text.plist.xml; name = en; path = en.lproj/Info.plist; sourceTree = "<group>"; };
		F7D1065B287843FA00BC580C /* tr */ = {isa = PBXFileReference; lastKnownFileType = text.plist.xml; name = tr; path = tr.lproj/Info.plist; sourceTree = "<group>"; };
		F7D1065C287844A700BC580C /* Base */ = {isa = PBXFileReference; lastKnownFileType = text.plist.xml; name = Base; path = Base.lproj/Info.plist; sourceTree = "<group>"; };
		F7D1065E287847C500BC580C /* en */ = {isa = PBXFileReference; lastKnownFileType = text.plist.strings; name = en; path = en.lproj/Main.strings; sourceTree = "<group>"; };
		F7D106622878482800BC580C /* en */ = {isa = PBXFileReference; lastKnownFileType = text.plist.strings; name = en; path = en.lproj/Localizable.strings; sourceTree = "<group>"; };
		F7D106642878482A00BC580C /* tr */ = {isa = PBXFileReference; lastKnownFileType = text.plist.strings; name = tr; path = tr.lproj/Localizable.strings; sourceTree = "<group>"; };
		F7D106692879A86900BC580C /* LoginAPI.swift */ = {isa = PBXFileReference; lastKnownFileType = sourcecode.swift; path = LoginAPI.swift; sourceTree = "<group>"; };
/* End PBXFileReference section */

/* Begin PBXFrameworksBuildPhase section */
		F7D0F4D22871CB7E007A3D36 /* Frameworks */ = {
			isa = PBXFrameworksBuildPhase;
			buildActionMask = 2147483647;
			files = (
				0D21204FBF93AA4730FD5823 /* Pods_ChargerApp.framework in Frameworks */,
			);
			runOnlyForDeploymentPostprocessing = 0;
		};
/* End PBXFrameworksBuildPhase section */

/* Begin PBXGroup section */
		468B2C2547E55DFB206BA582 /* Pods */ = {
			isa = PBXGroup;
			children = (
				1A433632C00CF2A3C17D1BAC /* Pods-ChargerApp.debug.xcconfig */,
				D6DF313A298CA7EB39096B8A /* Pods-ChargerApp.release.xcconfig */,
			);
			path = Pods;
			sourceTree = "<group>";
		};
		97DC650D254E0AEBC7F032BE /* Frameworks */ = {
			isa = PBXGroup;
			children = (
				A8E3F3DED02121208EDB6A75 /* Pods_ChargerApp.framework */,
			);
			name = Frameworks;
			sourceTree = "<group>";
		};
		F7D0F4CC2871CB7E007A3D36 = {
			isa = PBXGroup;
			children = (
				F7D106632878482800BC580C /* Localizable.strings */,
				F7D0F4D72871CB7E007A3D36 /* ChargerApp */,
				F7D0F4D62871CB7E007A3D36 /* Products */,
				468B2C2547E55DFB206BA582 /* Pods */,
				97DC650D254E0AEBC7F032BE /* Frameworks */,
			);
			sourceTree = "<group>";
		};
		F7D0F4D62871CB7E007A3D36 /* Products */ = {
			isa = PBXGroup;
			children = (
				F7D0F4D52871CB7E007A3D36 /* ChargerApp.app */,
			);
			name = Products;
			sourceTree = "<group>";
		};
		F7D0F4D72871CB7E007A3D36 /* ChargerApp */ = {
			isa = PBXGroup;
			children = (
				F7D1066528786E7500BC580C /* Login */,
				F7D0F4D82871CB7E007A3D36 /* AppDelegate.swift */,
				F7D0F4DA2871CB7E007A3D36 /* SceneDelegate.swift */,
				F7D0F4DE2871CB7E007A3D36 /* Main.storyboard */,
				F7D0F4E12871CB7F007A3D36 /* Assets.xcassets */,
				F7D0F4E32871CB7F007A3D36 /* LaunchScreen.storyboard */,
				F7114D5528783E6900012299 /* Info.plist */,
				F74DF8C42882C90E005BF704 /* Constants.swift */,
			);
			path = ChargerApp;
			sourceTree = "<group>";
		};
		F7D1066528786E7500BC580C /* Login */ = {
			isa = PBXGroup;
			children = (
				F7D0F4DC2871CB7E007A3D36 /* LoginViewController.swift */,
				F7D106692879A86900BC580C /* LoginAPI.swift */,
			);
			path = Login;
			sourceTree = "<group>";
		};
/* End PBXGroup section */

/* Begin PBXNativeTarget section */
		F7D0F4D42871CB7E007A3D36 /* ChargerApp */ = {
			isa = PBXNativeTarget;
			buildConfigurationList = F7D0F4E92871CB7F007A3D36 /* Build configuration list for PBXNativeTarget "ChargerApp" */;
			buildPhases = (
				4C200B09DA64B07520C5B266 /* [CP] Check Pods Manifest.lock */,
				F7D0F4D12871CB7E007A3D36 /* Sources */,
				F7D0F4D22871CB7E007A3D36 /* Frameworks */,
				F7D0F4D32871CB7E007A3D36 /* Resources */,
				C25272AA825F500EC42ECBCF /* [CP] Embed Pods Frameworks */,
			);
			buildRules = (
			);
			dependencies = (
			);
			name = ChargerApp;
			productName = ChargerApp;
			productReference = F7D0F4D52871CB7E007A3D36 /* ChargerApp.app */;
			productType = "com.apple.product-type.application";
		};
/* End PBXNativeTarget section */

/* Begin PBXProject section */
		F7D0F4CD2871CB7E007A3D36 /* Project object */ = {
			isa = PBXProject;
			attributes = {
				BuildIndependentTargetsInParallel = 1;
				LastSwiftUpdateCheck = 1340;
				LastUpgradeCheck = 1340;
				TargetAttributes = {
					F7D0F4D42871CB7E007A3D36 = {
						CreatedOnToolsVersion = 13.4.1;
					};
				};
			};
			buildConfigurationList = F7D0F4D02871CB7E007A3D36 /* Build configuration list for PBXProject "ChargerApp" */;
			compatibilityVersion = "Xcode 13.0";
			developmentRegion = en;
			hasScannedForEncodings = 0;
			knownRegions = (
				en,
				Base,
				tr,
			);
			mainGroup = F7D0F4CC2871CB7E007A3D36;
			productRefGroup = F7D0F4D62871CB7E007A3D36 /* Products */;
			projectDirPath = "";
			projectRoot = "";
			targets = (
				F7D0F4D42871CB7E007A3D36 /* ChargerApp */,
			);
		};
/* End PBXProject section */

/* Begin PBXResourcesBuildPhase section */
		F7D0F4D32871CB7E007A3D36 /* Resources */ = {
			isa = PBXResourcesBuildPhase;
			buildActionMask = 2147483647;
			files = (
				F7D0F4E52871CB7F007A3D36 /* LaunchScreen.storyboard in Resources */,
				F7D106612878482800BC580C /* Localizable.strings in Resources */,
				F7D0F4E22871CB7F007A3D36 /* Assets.xcassets in Resources */,
				F7D0F4E02871CB7E007A3D36 /* Main.storyboard in Resources */,
			);
			runOnlyForDeploymentPostprocessing = 0;
		};
/* End PBXResourcesBuildPhase section */

/* Begin PBXShellScriptBuildPhase section */
		4C200B09DA64B07520C5B266 /* [CP] Check Pods Manifest.lock */ = {
			isa = PBXShellScriptBuildPhase;
			buildActionMask = 2147483647;
			files = (
			);
			inputFileListPaths = (
			);
			inputPaths = (
				"${PODS_PODFILE_DIR_PATH}/Podfile.lock",
				"${PODS_ROOT}/Manifest.lock",
			);
			name = "[CP] Check Pods Manifest.lock";
			outputFileListPaths = (
			);
			outputPaths = (
				"$(DERIVED_FILE_DIR)/Pods-ChargerApp-checkManifestLockResult.txt",
			);
			runOnlyForDeploymentPostprocessing = 0;
			shellPath = /bin/sh;
			shellScript = "diff \"${PODS_PODFILE_DIR_PATH}/Podfile.lock\" \"${PODS_ROOT}/Manifest.lock\" > /dev/null\nif [ $? != 0 ] ; then\n    # print error to STDERR\n    echo \"error: The sandbox is not in sync with the Podfile.lock. Run 'pod install' or update your CocoaPods installation.\" >&2\n    exit 1\nfi\n# This output is used by Xcode 'outputs' to avoid re-running this script phase.\necho \"SUCCESS\" > \"${SCRIPT_OUTPUT_FILE_0}\"\n";
			showEnvVarsInLog = 0;
		};
		C25272AA825F500EC42ECBCF /* [CP] Embed Pods Frameworks */ = {
			isa = PBXShellScriptBuildPhase;
			buildActionMask = 2147483647;
			files = (
			);
			inputFileListPaths = (
				"${PODS_ROOT}/Target Support Files/Pods-ChargerApp/Pods-ChargerApp-frameworks-${CONFIGURATION}-input-files.xcfilelist",
			);
			name = "[CP] Embed Pods Frameworks";
			outputFileListPaths = (
				"${PODS_ROOT}/Target Support Files/Pods-ChargerApp/Pods-ChargerApp-frameworks-${CONFIGURATION}-output-files.xcfilelist",
			);
			runOnlyForDeploymentPostprocessing = 0;
			shellPath = /bin/sh;
			shellScript = "\"${PODS_ROOT}/Target Support Files/Pods-ChargerApp/Pods-ChargerApp-frameworks.sh\"\n";
			showEnvVarsInLog = 0;
		};
/* End PBXShellScriptBuildPhase section */

/* Begin PBXSourcesBuildPhase section */
		F7D0F4D12871CB7E007A3D36 /* Sources */ = {
			isa = PBXSourcesBuildPhase;
			buildActionMask = 2147483647;
			files = (
				F74DF8C52882C90E005BF704 /* Constants.swift in Sources */,
				F7D1066A2879A86900BC580C /* LoginAPI.swift in Sources */,
				F7D106682878992B00BC580C /* LoginViewController.swift in Sources */,
				F7D0F4D92871CB7E007A3D36 /* AppDelegate.swift in Sources */,
				F7D0F4DB2871CB7E007A3D36 /* SceneDelegate.swift in Sources */,
			);
			runOnlyForDeploymentPostprocessing = 0;
		};
/* End PBXSourcesBuildPhase section */

/* Begin PBXVariantGroup section */
		F7114D5528783E6900012299 /* Info.plist */ = {
			isa = PBXVariantGroup;
			children = (
				F7D1065A287843F300BC580C /* en */,
				F7D1065B287843FA00BC580C /* tr */,
				F7D1065C287844A700BC580C /* Base */,
			);
			name = Info.plist;
			path = ChargerApp;
			sourceTree = SOURCE_ROOT;
		};
		F7D0F4DE2871CB7E007A3D36 /* Main.storyboard */ = {
			isa = PBXVariantGroup;
			children = (
				F7D0F4DF2871CB7E007A3D36 /* Base */,
				F7114D5228783E5F00012299 /* tr */,
				F7D1065E287847C500BC580C /* en */,
			);
			name = Main.storyboard;
			sourceTree = "<group>";
		};
		F7D0F4E32871CB7F007A3D36 /* LaunchScreen.storyboard */ = {
			isa = PBXVariantGroup;
			children = (
				F7D0F4E42871CB7F007A3D36 /* Base */,
				F7114D5328783E5F00012299 /* tr */,
			);
			name = LaunchScreen.storyboard;
			sourceTree = "<group>";
		};
		F7D106632878482800BC580C /* Localizable.strings */ = {
			isa = PBXVariantGroup;
			children = (
				F7D106622878482800BC580C /* en */,
				F7D106642878482A00BC580C /* tr */,
			);
			name = Localizable.strings;
			sourceTree = "<group>";
		};
/* End PBXVariantGroup section */

/* Begin XCBuildConfiguration section */
		F7D0F4E72871CB7F007A3D36 /* Debug */ = {
			isa = XCBuildConfiguration;
			buildSettings = {
				ALWAYS_SEARCH_USER_PATHS = NO;
				CLANG_ANALYZER_LOCALIZABILITY_NONLOCALIZED = YES;
				CLANG_ANALYZER_NONNULL = YES;
				CLANG_ANALYZER_NUMBER_OBJECT_CONVERSION = YES_AGGRESSIVE;
				CLANG_CXX_LANGUAGE_STANDARD = "gnu++17";
				CLANG_ENABLE_MODULES = YES;
				CLANG_ENABLE_OBJC_ARC = YES;
				CLANG_ENABLE_OBJC_WEAK = YES;
				CLANG_WARN_BLOCK_CAPTURE_AUTORELEASING = YES;
				CLANG_WARN_BOOL_CONVERSION = YES;
				CLANG_WARN_COMMA = YES;
				CLANG_WARN_CONSTANT_CONVERSION = YES;
				CLANG_WARN_DEPRECATED_OBJC_IMPLEMENTATIONS = YES;
				CLANG_WARN_DIRECT_OBJC_ISA_USAGE = YES_ERROR;
				CLANG_WARN_DOCUMENTATION_COMMENTS = YES;
				CLANG_WARN_EMPTY_BODY = YES;
				CLANG_WARN_ENUM_CONVERSION = YES;
				CLANG_WARN_INFINITE_RECURSION = YES;
				CLANG_WARN_INT_CONVERSION = YES;
				CLANG_WARN_NON_LITERAL_NULL_CONVERSION = YES;
				CLANG_WARN_OBJC_IMPLICIT_RETAIN_SELF = YES;
				CLANG_WARN_OBJC_LITERAL_CONVERSION = YES;
				CLANG_WARN_OBJC_ROOT_CLASS = YES_ERROR;
				CLANG_WARN_QUOTED_INCLUDE_IN_FRAMEWORK_HEADER = YES;
				CLANG_WARN_RANGE_LOOP_ANALYSIS = YES;
				CLANG_WARN_STRICT_PROTOTYPES = YES;
				CLANG_WARN_SUSPICIOUS_MOVE = YES;
				CLANG_WARN_UNGUARDED_AVAILABILITY = YES_AGGRESSIVE;
				CLANG_WARN_UNREACHABLE_CODE = YES;
				CLANG_WARN__DUPLICATE_METHOD_MATCH = YES;
				COPY_PHASE_STRIP = NO;
				DEBUG_INFORMATION_FORMAT = dwarf;
				ENABLE_STRICT_OBJC_MSGSEND = YES;
				ENABLE_TESTABILITY = YES;
				GCC_C_LANGUAGE_STANDARD = gnu11;
				GCC_DYNAMIC_NO_PIC = NO;
				GCC_NO_COMMON_BLOCKS = YES;
				GCC_OPTIMIZATION_LEVEL = 0;
				GCC_PREPROCESSOR_DEFINITIONS = (
					"DEBUG=1",
					"$(inherited)",
				);
				GCC_WARN_64_TO_32_BIT_CONVERSION = YES;
				GCC_WARN_ABOUT_RETURN_TYPE = YES_ERROR;
				GCC_WARN_UNDECLARED_SELECTOR = YES;
				GCC_WARN_UNINITIALIZED_AUTOS = YES_AGGRESSIVE;
				GCC_WARN_UNUSED_FUNCTION = YES;
				GCC_WARN_UNUSED_VARIABLE = YES;
				IPHONEOS_DEPLOYMENT_TARGET = 15.5;
				MTL_ENABLE_DEBUG_INFO = INCLUDE_SOURCE;
				MTL_FAST_MATH = YES;
				ONLY_ACTIVE_ARCH = YES;
				SDKROOT = iphoneos;
				SWIFT_ACTIVE_COMPILATION_CONDITIONS = DEBUG;
				SWIFT_OPTIMIZATION_LEVEL = "-Onone";
			};
			name = Debug;
		};
		F7D0F4E82871CB7F007A3D36 /* Release */ = {
			isa = XCBuildConfiguration;
			buildSettings = {
				ALWAYS_SEARCH_USER_PATHS = NO;
				CLANG_ANALYZER_LOCALIZABILITY_NONLOCALIZED = YES;
				CLANG_ANALYZER_NONNULL = YES;
				CLANG_ANALYZER_NUMBER_OBJECT_CONVERSION = YES_AGGRESSIVE;
				CLANG_CXX_LANGUAGE_STANDARD = "gnu++17";
				CLANG_ENABLE_MODULES = YES;
				CLANG_ENABLE_OBJC_ARC = YES;
				CLANG_ENABLE_OBJC_WEAK = YES;
				CLANG_WARN_BLOCK_CAPTURE_AUTORELEASING = YES;
				CLANG_WARN_BOOL_CONVERSION = YES;
				CLANG_WARN_COMMA = YES;
				CLANG_WARN_CONSTANT_CONVERSION = YES;
				CLANG_WARN_DEPRECATED_OBJC_IMPLEMENTATIONS = YES;
				CLANG_WARN_DIRECT_OBJC_ISA_USAGE = YES_ERROR;
				CLANG_WARN_DOCUMENTATION_COMMENTS = YES;
				CLANG_WARN_EMPTY_BODY = YES;
				CLANG_WARN_ENUM_CONVERSION = YES;
				CLANG_WARN_INFINITE_RECURSION = YES;
				CLANG_WARN_INT_CONVERSION = YES;
				CLANG_WARN_NON_LITERAL_NULL_CONVERSION = YES;
				CLANG_WARN_OBJC_IMPLICIT_RETAIN_SELF = YES;
				CLANG_WARN_OBJC_LITERAL_CONVERSION = YES;
				CLANG_WARN_OBJC_ROOT_CLASS = YES_ERROR;
				CLANG_WARN_QUOTED_INCLUDE_IN_FRAMEWORK_HEADER = YES;
				CLANG_WARN_RANGE_LOOP_ANALYSIS = YES;
				CLANG_WARN_STRICT_PROTOTYPES = YES;
				CLANG_WARN_SUSPICIOUS_MOVE = YES;
				CLANG_WARN_UNGUARDED_AVAILABILITY = YES_AGGRESSIVE;
				CLANG_WARN_UNREACHABLE_CODE = YES;
				CLANG_WARN__DUPLICATE_METHOD_MATCH = YES;
				COPY_PHASE_STRIP = NO;
				DEBUG_INFORMATION_FORMAT = "dwarf-with-dsym";
				ENABLE_NS_ASSERTIONS = NO;
				ENABLE_STRICT_OBJC_MSGSEND = YES;
				GCC_C_LANGUAGE_STANDARD = gnu11;
				GCC_NO_COMMON_BLOCKS = YES;
				GCC_WARN_64_TO_32_BIT_CONVERSION = YES;
				GCC_WARN_ABOUT_RETURN_TYPE = YES_ERROR;
				GCC_WARN_UNDECLARED_SELECTOR = YES;
				GCC_WARN_UNINITIALIZED_AUTOS = YES_AGGRESSIVE;
				GCC_WARN_UNUSED_FUNCTION = YES;
				GCC_WARN_UNUSED_VARIABLE = YES;
				IPHONEOS_DEPLOYMENT_TARGET = 15.5;
				MTL_ENABLE_DEBUG_INFO = NO;
				MTL_FAST_MATH = YES;
				SDKROOT = iphoneos;
				SWIFT_COMPILATION_MODE = wholemodule;
				SWIFT_OPTIMIZATION_LEVEL = "-O";
				VALIDATE_PRODUCT = YES;
			};
			name = Release;
		};
		F7D0F4EA2871CB7F007A3D36 /* Debug */ = {
			isa = XCBuildConfiguration;
			baseConfigurationReference = 1A433632C00CF2A3C17D1BAC /* Pods-ChargerApp.debug.xcconfig */;
			buildSettings = {
				ASSETCATALOG_COMPILER_APPICON_NAME = AppIcon;
				ASSETCATALOG_COMPILER_GLOBAL_ACCENT_COLOR_NAME = AccentColor;
				CODE_SIGN_STYLE = Automatic;
				CURRENT_PROJECT_VERSION = 1;
				DEVELOPMENT_TEAM = L92M25Y852;
				GENERATE_INFOPLIST_FILE = YES;
				INFOPLIST_FILE = ChargerApp/Info.plist;
				INFOPLIST_KEY_CFBundleDisplayName = CHARGER;
				INFOPLIST_KEY_UIApplicationSupportsIndirectInputEvents = YES;
				INFOPLIST_KEY_UILaunchStoryboardName = LaunchScreen;
				INFOPLIST_KEY_UIMainStoryboardFile = Main;
				INFOPLIST_KEY_UISupportedInterfaceOrientations_iPad = "UIInterfaceOrientationPortrait UIInterfaceOrientationPortraitUpsideDown UIInterfaceOrientationLandscapeLeft UIInterfaceOrientationLandscapeRight";
				INFOPLIST_KEY_UISupportedInterfaceOrientations_iPhone = "UIInterfaceOrientationPortrait UIInterfaceOrientationLandscapeLeft UIInterfaceOrientationLandscapeRight";
				LD_RUNPATH_SEARCH_PATHS = (
					"$(inherited)",
					"@executable_path/Frameworks",
				);
				MARKETING_VERSION = 1.0;
				PRODUCT_BUNDLE_IDENTIFIER = com.Arcelik.ChargerApp;
				PRODUCT_NAME = "$(TARGET_NAME)";
				SWIFT_EMIT_LOC_STRINGS = YES;
				SWIFT_VERSION = 5.0;
				TARGETED_DEVICE_FAMILY = "1,2";
			};
			name = Debug;
		};
		F7D0F4EB2871CB7F007A3D36 /* Release */ = {
			isa = XCBuildConfiguration;
			baseConfigurationReference = D6DF313A298CA7EB39096B8A /* Pods-ChargerApp.release.xcconfig */;
			buildSettings = {
				ASSETCATALOG_COMPILER_APPICON_NAME = AppIcon;
				ASSETCATALOG_COMPILER_GLOBAL_ACCENT_COLOR_NAME = AccentColor;
				CODE_SIGN_STYLE = Automatic;
				CURRENT_PROJECT_VERSION = 1;
				DEVELOPMENT_TEAM = L92M25Y852;
				GENERATE_INFOPLIST_FILE = YES;
				INFOPLIST_FILE = ChargerApp/Info.plist;
				INFOPLIST_KEY_CFBundleDisplayName = CHARGER;
				INFOPLIST_KEY_UIApplicationSupportsIndirectInputEvents = YES;
				INFOPLIST_KEY_UILaunchStoryboardName = LaunchScreen;
				INFOPLIST_KEY_UIMainStoryboardFile = Main;
				INFOPLIST_KEY_UISupportedInterfaceOrientations_iPad = "UIInterfaceOrientationPortrait UIInterfaceOrientationPortraitUpsideDown UIInterfaceOrientationLandscapeLeft UIInterfaceOrientationLandscapeRight";
				INFOPLIST_KEY_UISupportedInterfaceOrientations_iPhone = "UIInterfaceOrientationPortrait UIInterfaceOrientationLandscapeLeft UIInterfaceOrientationLandscapeRight";
				LD_RUNPATH_SEARCH_PATHS = (
					"$(inherited)",
					"@executable_path/Frameworks",
				);
				MARKETING_VERSION = 1.0;
				PRODUCT_BUNDLE_IDENTIFIER = com.Arcelik.ChargerApp;
				PRODUCT_NAME = "$(TARGET_NAME)";
				SWIFT_EMIT_LOC_STRINGS = YES;
				SWIFT_VERSION = 5.0;
				TARGETED_DEVICE_FAMILY = "1,2";
			};
			name = Release;
		};
/* End XCBuildConfiguration section */

/* Begin XCConfigurationList section */
		F7D0F4D02871CB7E007A3D36 /* Build configuration list for PBXProject "ChargerApp" */ = {
			isa = XCConfigurationList;
			buildConfigurations = (
				F7D0F4E72871CB7F007A3D36 /* Debug */,
				F7D0F4E82871CB7F007A3D36 /* Release */,
			);
			defaultConfigurationIsVisible = 0;
			defaultConfigurationName = Release;
		};
		F7D0F4E92871CB7F007A3D36 /* Build configuration list for PBXNativeTarget "ChargerApp" */ = {
			isa = XCConfigurationList;
			buildConfigurations = (
				F7D0F4EA2871CB7F007A3D36 /* Debug */,
				F7D0F4EB2871CB7F007A3D36 /* Release */,
			);
			defaultConfigurationIsVisible = 0;
			defaultConfigurationName = Release;
		};
/* End XCConfigurationList section */
	};
	rootObject = F7D0F4CD2871CB7E007A3D36 /* Project object */;
}
